
Microsoft Visual Studio Solution File, Format Version 12.00
# Visual Studio Version 16
VisualStudioVersion = 16.0.30907.101
MinimumVisualStudioVersion = 10.0.40219.1
Project("{2150E333-8FDC-42A3-9474-1A3956D46DE8}") = "Services", "Services", "{7B263932-BE77-4CA5-919B-C7D432BA3B01}"
EndProject
Project("{2150E333-8FDC-42A3-9474-1A3956D46DE8}") = "Catalog", "Catalog", "{CD8622D2-FA90-48E8-AF18-0BC91464F1A3}"
EndProject
Project("{9A19103F-16F7-4668-BE54-9A1E7A4F7556}") = "Catalog.API", "Services\Catalog\Catalog.API\Catalog.API.csproj", "{DFD4931D-86C8-4BD9-8FB4-A0D56F4FD9E6}"
EndProject
Global
	GlobalSection(SolutionConfigurationPlatforms) = preSolution
		Debug|Any CPU = Debug|Any CPU
		Release|Any CPU = Release|Any CPU
	EndGlobalSection
	GlobalSection(ProjectConfigurationPlatforms) = postSolution
		{DFD4931D-86C8-4BD9-8FB4-A0D56F4FD9E6}.Debug|Any CPU.ActiveCfg = Debug|Any CPU
		{DFD4931D-86C8-4BD9-8FB4-A0D56F4FD9E6}.Debug|Any CPU.Build.0 = Debug|Any CPU
		{DFD4931D-86C8-4BD9-8FB4-A0D56F4FD9E6}.Release|Any CPU.ActiveCfg = Release|Any CPU
		{DFD4931D-86C8-4BD9-8FB4-A0D56F4FD9E6}.Release|Any CPU.Build.0 = Release|Any CPU
	EndGlobalSection
	GlobalSection(SolutionProperties) = preSolution
		HideSolutionNode = FALSE
	EndGlobalSection
	GlobalSection(NestedProjects) = preSolution
		{CD8622D2-FA90-48E8-AF18-0BC91464F1A3} = {7B263932-BE77-4CA5-919B-C7D432BA3B01}
		{DFD4931D-86C8-4BD9-8FB4-A0D56F4FD9E6} = {CD8622D2-FA90-48E8-AF18-0BC91464F1A3}
	EndGlobalSection
	GlobalSection(ExtensibilityGlobals) = postSolution
		SolutionGuid = {DBE6CD08-A7BE-4305-B6F4-C11D2F13E4AA}
	EndGlobalSection
EndGlobal
